{
  "object": {
    "pins": [
      {
        "package": "LineNoise",
        "repositoryURL": "https://github.com/andybest/linenoise-swift",
        "state": {
          "branch": "master",
          "revision": "cbf0a35c6e159e4fe6a03f76c8a17ef08e907b0e",
          "version": null
        }
      },
      {
        "package": "Nimble",
        "repositoryURL": "https://github.com/Quick/Nimble.git",
        "state": {
          "branch": null,
          "revision": "7a46a5fc86cb917f69e3daf79fcb045283d8f008",
          "version": "8.1.2"
        }
      },
      {
        "package": "swift-argument-parser",
        "repositoryURL": "https://github.com/apple/swift-argument-parser",
        "state": {
          "branch": "main",
          "revision": "82905286cc3f0fa8adc4674bf49437cab65a8373",
          "version": null
        }
      }
    ]
  },
  "version": 1
}
